// !$*UTF8*$!
{
	archiveVersion = 1;
	classes = {
	};
	objectVersion = 50;
	objects = {

/* Begin PBXBuildFile section */
		C41BA98223FC53B500243A3E /* AppDelegate.swift in Sources */ = {isa = PBXBuildFile; fileRef = C41BA98123FC53B500243A3E /* AppDelegate.swift */; };
		C41BA98423FC53B500243A3E /* SceneDelegate.swift in Sources */ = {isa = PBXBuildFile; fileRef = C41BA98323FC53B500243A3E /* SceneDelegate.swift */; };
		C41BA98623FC53B500243A3E /* ContentView.swift in Sources */ = {isa = PBXBuildFile; fileRef = C41BA98523FC53B500243A3E /* ContentView.swift */; };
		C41BA98823FC53B600243A3E /* Assets.xcassets in Resources */ = {isa = PBXBuildFile; fileRef = C41BA98723FC53B600243A3E /* Assets.xcassets */; };
		C41BA98B23FC53B600243A3E /* Preview Assets.xcassets in Resources */ = {isa = PBXBuildFile; fileRef = C41BA98A23FC53B600243A3E /* Preview Assets.xcassets */; };
		C41BA98E23FC53B600243A3E /* LaunchScreen.storyboard in Resources */ = {isa = PBXBuildFile; fileRef = C41BA98C23FC53B600243A3E /* LaunchScreen.storyboard */; };
		C468CA2323FCDA93000774A1 /* YINUtil.swift in Sources */ = {isa = PBXBuildFile; fileRef = C468CA2223FCDA93000774A1 /* YINUtil.swift */; };
/* End PBXBuildFile section */

/* Begin PBXFileReference section */
		C41BA97E23FC53B500243A3E /* Rutgers Capstone.app */ = {isa = PBXFileReference; explicitFileType = wrapper.application; includeInIndex = 0; path = "Rutgers Capstone.app"; sourceTree = BUILT_PRODUCTS_DIR; };
		C41BA98123FC53B500243A3E /* AppDelegate.swift */ = {isa = PBXFileReference; lastKnownFileType = sourcecode.swift; path = AppDelegate.swift; sourceTree = "<group>"; };
		C41BA98323FC53B500243A3E /* SceneDelegate.swift */ = {isa = PBXFileReference; lastKnownFileType = sourcecode.swift; path = SceneDelegate.swift; sourceTree = "<group>"; };
		C41BA98523FC53B500243A3E /* ContentView.swift */ = {isa = PBXFileReference; lastKnownFileType = sourcecode.swift; path = ContentView.swift; sourceTree = "<group>"; };
		C41BA98723FC53B600243A3E /* Assets.xcassets */ = {isa = PBXFileReference; lastKnownFileType = folder.assetcatalog; path = Assets.xcassets; sourceTree = "<group>"; };
		C41BA98A23FC53B600243A3E /* Preview Assets.xcassets */ = {isa = PBXFileReference; lastKnownFileType = folder.assetcatalog; path = "Preview Assets.xcassets"; sourceTree = "<group>"; };
		C41BA98D23FC53B600243A3E /* Base */ = {isa = PBXFileReference; lastKnownFileType = file.storyboard; name = Base; path = Base.lproj/LaunchScreen.storyboard; sourceTree = "<group>"; };
		C41BA98F23FC53B600243A3E /* Info.plist */ = {isa = PBXFileReference; lastKnownFileType = text.plist.xml; path = Info.plist; sourceTree = "<group>"; };
		C468CA2223FCDA93000774A1 /* YINUtil.swift */ = {isa = PBXFileReference; lastKnownFileType = sourcecode.swift; path = YINUtil.swift; sourceTree = "<group>"; };
/* End PBXFileReference section */

/* Begin PBXFrameworksBuildPhase section */
		C41BA97B23FC53B500243A3E /* Frameworks */ = {
			isa = PBXFrameworksBuildPhase;
			buildActionMask = 2147483647;
			files = (
			);
			runOnlyForDeploymentPostprocessing = 0;
		};
/* End PBXFrameworksBuildPhase section */

/* Begin PBXGroup section */
		C41BA97523FC53B500243A3E = {
			isa = PBXGroup;
			children = (
				C41BA98023FC53B500243A3E /* Rutgers Capstone */,
				C41BA97F23FC53B500243A3E /* Products */,
			);
			sourceTree = "<group>";
		};
		C41BA97F23FC53B500243A3E /* Products */ = {
			isa = PBXGroup;
			children = (
				C41BA97E23FC53B500243A3E /* Rutgers Capstone.app */,
			);
			name = Products;
			sourceTree = "<group>";
		};
		C41BA98023FC53B500243A3E /* Rutgers Capstone */ = {
			isa = PBXGroup;
			children = (
				C41BA98123FC53B500243A3E /* AppDelegate.swift */,
				C41BA98323FC53B500243A3E /* SceneDelegate.swift */,
				C41BA98523FC53B500243A3E /* ContentView.swift */,
				C41BA98723FC53B600243A3E /* Assets.xcassets */,
				C41BA98C23FC53B600243A3E /* LaunchScreen.storyboard */,
				C41BA98F23FC53B600243A3E /* Info.plist */,
				C41BA98923FC53B600243A3E /* Preview Content */,
				C468CA2223FCDA93000774A1 /* YINUtil.swift */,
			);
			path = "Rutgers Capstone";
			sourceTree = "<group>";
		};
		C41BA98923FC53B600243A3E /* Preview Content */ = {
			isa = PBXGroup;
			children = (
				C41BA98A23FC53B600243A3E /* Preview Assets.xcassets */,
			);
			path = "Preview Content";
			sourceTree = "<group>";
		};
/* End PBXGroup section */

/* Begin PBXNativeTarget section */
		C41BA97D23FC53B500243A3E /* Rutgers Capstone */ = {
			isa = PBXNativeTarget;
			buildConfigurationList = C41BA99223FC53B600243A3E /* Build configuration list for PBXNativeTarget "Rutgers Capstone" */;
			buildPhases = (
				C41BA97A23FC53B500243A3E /* Sources */,
				C41BA97B23FC53B500243A3E /* Frameworks */,
				C41BA97C23FC53B500243A3E /* Resources */,
			);
			buildRules = (
			);
			dependencies = (
			);
			name = "Rutgers Capstone";
			productName = "Rutgers Capstone";
			productReference = C41BA97E23FC53B500243A3E /* Rutgers Capstone.app */;
			productType = "com.apple.product-type.application";
		};
/* End PBXNativeTarget section */

/* Begin PBXProject section */
		C41BA97623FC53B500243A3E /* Project object */ = {
			isa = PBXProject;
			attributes = {
				LastSwiftUpdateCheck = 1130;
				LastUpgradeCheck = 1130;
				ORGANIZATIONNAME = "Yash Shah";
				TargetAttributes = {
					C41BA97D23FC53B500243A3E = {
						CreatedOnToolsVersion = 11.3.1;
					};
				};
			};
			buildConfigurationList = C41BA97923FC53B500243A3E /* Build configuration list for PBXProject "Rutgers Capstone" */;
			compatibilityVersion = "Xcode 9.3";
			developmentRegion = en;
			hasScannedForEncodings = 0;
			knownRegions = (
				en,
				Base,
			);
			mainGroup = C41BA97523FC53B500243A3E;
			productRefGroup = C41BA97F23FC53B500243A3E /* Products */;
			projectDirPath = "";
			projectRoot = "";
			targets = (
				C41BA97D23FC53B500243A3E /* Rutgers Capstone */,
			);
		};
/* End PBXProject section */

/* Begin PBXResourcesBuildPhase section */
		C41BA97C23FC53B500243A3E /* Resources */ = {
			isa = PBXResourcesBuildPhase;
			buildActionMask = 2147483647;
			files = (
				C41BA98E23FC53B600243A3E /* LaunchScreen.storyboard in Resources */,
				C41BA98B23FC53B600243A3E /* Preview Assets.xcassets in Resources */,
				C41BA98823FC53B600243A3E /* Assets.xcassets in Resources */,
			);
			runOnlyForDeploymentPostprocessing = 0;
		};
/* End PBXResourcesBuildPhase section */

/* Begin PBXSourcesBuildPhase section */
		C41BA97A23FC53B500243A3E /* Sources */ = {
			isa = PBXSourcesBuildPhase;
			buildActionMask = 2147483647;
			files = (
				C41BA98223FC53B500243A3E /* AppDelegate.swift in Sources */,
				C41BA98423FC53B500243A3E /* SceneDelegate.swift in Sources */,
				C468CA2323FCDA93000774A1 /* YINUtil.swift in Sources */,
				C41BA98623FC53B500243A3E /* ContentView.swift in Sources */,
			);
			runOnlyForDeploymentPostprocessing = 0;
		};
/* End PBXSourcesBuildPhase section */

/* Begin PBXVariantGroup section */
		C41BA98C23FC53B600243A3E /* LaunchScreen.storyboard */ = {
			isa = PBXVariantGroup;
			children = (
				C41BA98D23FC53B600243A3E /* Base */,
			);
			name = LaunchScreen.storyboard;
			sourceTree = "<group>";
		};
/* End PBXVariantGroup section */

/* Begin XCBuildConfiguration section */
		C41BA99023FC53B600243A3E /* Debug */ = {
			isa = XCBuildConfiguration;
			buildSettings = {
				ALWAYS_SEARCH_USER_PATHS = NO;
				CLANG_ANALYZER_NONNULL = YES;
				CLANG_ANALYZER_NUMBER_OBJECT_CONVERSION = YES_AGGRESSIVE;
				CLANG_CXX_LANGUAGE_STANDARD = "gnu++14";
				CLANG_CXX_LIBRARY = "libc++";
				CLANG_ENABLE_MODULES = YES;
				CLANG_ENABLE_OBJC_ARC = YES;
				CLANG_ENABLE_OBJC_WEAK = YES;
				CLANG_WARN_BLOCK_CAPTURE_AUTORELEASING = YES;
				CLANG_WARN_BOOL_CONVERSION = YES;
				CLANG_WARN_COMMA = YES;
				CLANG_WARN_CONSTANT_CONVERSION = YES;
				CLANG_WARN_DEPRECATED_OBJC_IMPLEMENTATIONS = YES;
				CLANG_WARN_DIRECT_OBJC_ISA_USAGE = YES_ERROR;
				CLANG_WARN_DOCUMENTATION_COMMENTS = YES;
				CLANG_WARN_EMPTY_BODY = YES;
				CLANG_WARN_ENUM_CONVERSION = YES;
				CLANG_WARN_INFINITE_RECURSION = YES;
				CLANG_WARN_INT_CONVERSION = YES;
				CLANG_WARN_NON_LITERAL_NULL_CONVERSION = YES;
				CLANG_WARN_OBJC_IMPLICIT_RETAIN_SELF = YES;
				CLANG_WARN_OBJC_LITERAL_CONVERSION = YES;
				CLANG_WARN_OBJC_ROOT_CLASS = YES_ERROR;
				CLANG_WARN_RANGE_LOOP_ANALYSIS = YES;
				CLANG_WARN_STRICT_PROTOTYPES = YES;
				CLANG_WARN_SUSPICIOUS_MOVE = YES;
				CLANG_WARN_UNGUARDED_AVAILABILITY = YES_AGGRESSIVE;
				CLANG_WARN_UNREACHABLE_CODE = YES;
				CLANG_WARN__DUPLICATE_METHOD_MATCH = YES;
				COPY_PHASE_STRIP = NO;
				DEBUG_INFORMATION_FORMAT = dwarf;
				ENABLE_STRICT_OBJC_MSGSEND = YES;
				ENABLE_TESTABILITY = YES;
				GCC_C_LANGUAGE_STANDARD = gnu11;
				GCC_DYNAMIC_NO_PIC = NO;
				GCC_NO_COMMON_BLOCKS = YES;
				GCC_OPTIMIZATION_LEVEL = 0;
				GCC_PREPROCESSOR_DEFINITIONS = (
					"DEBUG=1",
					"$(inherited)",
				);
				GCC_WARN_64_TO_32_BIT_CONVERSION = YES;
				GCC_WARN_ABOUT_RETURN_TYPE = YES_ERROR;
				GCC_WARN_UNDECLARED_SELECTOR = YES;
				GCC_WARN_UNINITIALIZED_AUTOS = YES_AGGRESSIVE;
				GCC_WARN_UNUSED_FUNCTION = YES;
				GCC_WARN_UNUSED_VARIABLE = YES;
				IPHONEOS_DEPLOYMENT_TARGET = 13.2;
				MTL_ENABLE_DEBUG_INFO = INCLUDE_SOURCE;
				MTL_FAST_MATH = YES;
				ONLY_ACTIVE_ARCH = YES;
				SDKROOT = iphoneos;
				SWIFT_ACTIVE_COMPILATION_CONDITIONS = DEBUG;
				SWIFT_OPTIMIZATION_LEVEL = "-Onone";
			};
			name = Debug;
		};
		C41BA99123FC53B600243A3E /* Release */ = {
			isa = XCBuildConfiguration;
			buildSettings = {
				ALWAYS_SEARCH_USER_PATHS = NO;
				CLANG_ANALYZER_NONNULL = YES;
				CLANG_ANALYZER_NUMBER_OBJECT_CONVERSION = YES_AGGRESSIVE;
				CLANG_CXX_LANGUAGE_STANDARD = "gnu++14";
				CLANG_CXX_LIBRARY = "libc++";
				CLANG_ENABLE_MODULES = YES;
				CLANG_ENABLE_OBJC_ARC = YES;
				CLANG_ENABLE_OBJC_WEAK = YES;
				CLANG_WARN_BLOCK_CAPTURE_AUTORELEASING = YES;
				CLANG_WARN_BOOL_CONVERSION = YES;
				CLANG_WARN_COMMA = YES;
				CLANG_WARN_CONSTANT_CONVERSION = YES;
				CLANG_WARN_DEPRECATED_OBJC_IMPLEMENTATIONS = YES;
				CLANG_WARN_DIRECT_OBJC_ISA_USAGE = YES_ERROR;
				CLANG_WARN_DOCUMENTATION_COMMENTS = YES;
				CLANG_WARN_EMPTY_BODY = YES;
				CLANG_WARN_ENUM_CONVERSION = YES;
				CLANG_WARN_INFINITE_RECURSION = YES;
				CLANG_WARN_INT_CONVERSION = YES;
				CLANG_WARN_NON_LITERAL_NULL_CONVERSION = YES;
				CLANG_WARN_OBJC_IMPLICIT_RETAIN_SELF = YES;
				CLANG_WARN_OBJC_LITERAL_CONVERSION = YES;
				CLANG_WARN_OBJC_ROOT_CLASS = YES_ERROR;
				CLANG_WARN_RANGE_LOOP_ANALYSIS = YES;
				CLANG_WARN_STRICT_PROTOTYPES = YES;
				CLANG_WARN_SUSPICIOUS_MOVE = YES;
				CLANG_WARN_UNGUARDED_AVAILABILITY = YES_AGGRESSIVE;
				CLANG_WARN_UNREACHABLE_CODE = YES;
				CLANG_WARN__DUPLICATE_METHOD_MATCH = YES;
				COPY_PHASE_STRIP = NO;
				DEBUG_INFORMATION_FORMAT = "dwarf-with-dsym";
				ENABLE_NS_ASSERTIONS = NO;
				ENABLE_STRICT_OBJC_MSGSEND = YES;
				GCC_C_LANGUAGE_STANDARD = gnu11;
				GCC_NO_COMMON_BLOCKS = YES;
				GCC_WARN_64_TO_32_BIT_CONVERSION = YES;
				GCC_WARN_ABOUT_RETURN_TYPE = YES_ERROR;
				GCC_WARN_UNDECLARED_SELECTOR = YES;
				GCC_WARN_UNINITIALIZED_AUTOS = YES_AGGRESSIVE;
				GCC_WARN_UNUSED_FUNCTION = YES;
				GCC_WARN_UNUSED_VARIABLE = YES;
				IPHONEOS_DEPLOYMENT_TARGET = 13.2;
				MTL_ENABLE_DEBUG_INFO = NO;
				MTL_FAST_MATH = YES;
				SDKROOT = iphoneos;
				SWIFT_COMPILATION_MODE = wholemodule;
				SWIFT_OPTIMIZATION_LEVEL = "-O";
				VALIDATE_PRODUCT = YES;
			};
			name = Release;
		};
		C41BA99323FC53B600243A3E /* Debug */ = {
			isa = XCBuildConfiguration;
			buildSettings = {
				ASSETCATALOG_COMPILER_APPICON_NAME = AppIcon;
				CODE_SIGN_STYLE = Automatic;
				DEVELOPMENT_ASSET_PATHS = "\"Rutgers Capstone/Preview Content\"";
				DEVELOPMENT_TEAM = WCWZ78BM9X;
				ENABLE_PREVIEWS = YES;
				INFOPLIST_FILE = "Rutgers Capstone/Info.plist";
				LD_RUNPATH_SEARCH_PATHS = (
					"$(inherited)",
					"@executable_path/Frameworks",
				);
				PRODUCT_BUNDLE_IDENTIFIER = "com.shahyash.Rutgers-Capstone";
				PRODUCT_NAME = "$(TARGET_NAME)";
				SWIFT_VERSION = 5.0;
				TARGETED_DEVICE_FAMILY = "1,2";
			};
			name = Debug;
		};
		C41BA99423FC53B600243A3E /* Release */ = {
			isa = XCBuildConfiguration;
			buildSettings = {
				ASSETCATALOG_COMPILER_APPICON_NAME = AppIcon;
				CODE_SIGN_STYLE = Automatic;
				DEVELOPMENT_ASSET_PATHS = "\"Rutgers Capstone/Preview Content\"";
				DEVELOPMENT_TEAM = WCWZ78BM9X;
				ENABLE_PREVIEWS = YES;
				INFOPLIST_FILE = "Rutgers Capstone/Info.plist";
				LD_RUNPATH_SEARCH_PATHS = (
					"$(inherited)",
					"@executable_path/Frameworks",
				);
				PRODUCT_BUNDLE_IDENTIFIER = "com.shahyash.Rutgers-Capstone";
				PRODUCT_NAME = "$(TARGET_NAME)";
				SWIFT_VERSION = 5.0;
				TARGETED_DEVICE_FAMILY = "1,2";
			};
			name = Release;
		};
/* End XCBuildConfiguration section */

/* Begin XCConfigurationList section */
		C41BA97923FC53B500243A3E /* Build configuration list for PBXProject "Rutgers Capstone" */ = {
			isa = XCConfigurationList;
			buildConfigurations = (
				C41BA99023FC53B600243A3E /* Debug */,
				C41BA99123FC53B600243A3E /* Release */,
			);
			defaultConfigurationIsVisible = 0;
			defaultConfigurationName = Release;
		};
		C41BA99223FC53B600243A3E /* Build configuration list for PBXNativeTarget "Rutgers Capstone" */ = {
			isa = XCConfigurationList;
			buildConfigurations = (
				C41BA99323FC53B600243A3E /* Debug */,
				C41BA99423FC53B600243A3E /* Release */,
			);
			defaultConfigurationIsVisible = 0;
			defaultConfigurationName = Release;
		};
/* End XCConfigurationList section */
	};
	rootObject = C41BA97623FC53B500243A3E /* Project object */;
}
